// !$*UTF8*$!
{
	archiveVersion = 1;
	classes = {
	};
	objectVersion = 48;
	objects = {

/* Begin PBXBuildFile section */
		0126D13B8B591A9BA498C92D /* Pods_RxSwift____.framework in Frameworks */ = {isa = PBXBuildFile; fileRef = 120987FD38714A207C07FF20 /* Pods_RxSwift____.framework */; };
		EBBB517E1FF37BE4000BB7CD /* AppDelegate.swift in Sources */ = {isa = PBXBuildFile; fileRef = EBBB517D1FF37BE4000BB7CD /* AppDelegate.swift */; };
		EBBB51801FF37BE4000BB7CD /* ViewController.swift in Sources */ = {isa = PBXBuildFile; fileRef = EBBB517F1FF37BE4000BB7CD /* ViewController.swift */; };
		EBBB51831FF37BE4000BB7CD /* Main.storyboard in Resources */ = {isa = PBXBuildFile; fileRef = EBBB51811FF37BE4000BB7CD /* Main.storyboard */; };
		EBBB51851FF37BE4000BB7CD /* Assets.xcassets in Resources */ = {isa = PBXBuildFile; fileRef = EBBB51841FF37BE4000BB7CD /* Assets.xcassets */; };
		EBBB51881FF37BE4000BB7CD /* LaunchScreen.storyboard in Resources */ = {isa = PBXBuildFile; fileRef = EBBB51861FF37BE4000BB7CD /* LaunchScreen.storyboard */; };
		EBBB51931FF381E2000BB7CD /* SuperViewController.swift in Sources */ = {isa = PBXBuildFile; fileRef = EBBB51921FF381E2000BB7CD /* SuperViewController.swift */; };
		EBBB51991FF382C8000BB7CD /* ViewController2.swift in Sources */ = {isa = PBXBuildFile; fileRef = EBBB51981FF382C8000BB7CD /* ViewController2.swift */; };
		EBBB519B1FF382E3000BB7CD /* ViewController1.swift in Sources */ = {isa = PBXBuildFile; fileRef = EBBB519A1FF382E3000BB7CD /* ViewController1.swift */; };
		EBBB519D1FF38327000BB7CD /* ViewController3.swift in Sources */ = {isa = PBXBuildFile; fileRef = EBBB519C1FF38327000BB7CD /* ViewController3.swift */; };
		EBBB519F1FF38843000BB7CD /* ViewController1.xib in Resources */ = {isa = PBXBuildFile; fileRef = EBBB519E1FF38843000BB7CD /* ViewController1.xib */; };
		EBBB51A21FF388B2000BB7CD /* ViewController4.swift in Sources */ = {isa = PBXBuildFile; fileRef = EBBB51A01FF388B2000BB7CD /* ViewController4.swift */; };
		EBBB51A31FF388B2000BB7CD /* ViewController4.xib in Resources */ = {isa = PBXBuildFile; fileRef = EBBB51A11FF388B2000BB7CD /* ViewController4.xib */; };
/* End PBXBuildFile section */

/* Begin PBXFileReference section */
		0EB3878BE9817292140069E7 /* Pods-RxSwift常见用法.release.xcconfig */ = {isa = PBXFileReference; includeInIndex = 1; lastKnownFileType = text.xcconfig; name = "Pods-RxSwift常见用法.release.xcconfig"; path = "Pods/Target Support Files/Pods-RxSwift常见用法/Pods-RxSwift常见用法.release.xcconfig"; sourceTree = "<group>"; };
		120987FD38714A207C07FF20 /* Pods_RxSwift____.framework */ = {isa = PBXFileReference; explicitFileType = wrapper.framework; includeInIndex = 0; path = "Pods_RxSwift____.framework"; sourceTree = BUILT_PRODUCTS_DIR; };
		5AA8BCF5521B95345EB87FC4 /* Pods-RxSwift常见用法.debug.xcconfig */ = {isa = PBXFileReference; includeInIndex = 1; lastKnownFileType = text.xcconfig; name = "Pods-RxSwift常见用法.debug.xcconfig"; path = "Pods/Target Support Files/Pods-RxSwift常见用法/Pods-RxSwift常见用法.debug.xcconfig"; sourceTree = "<group>"; };
		EBBB517A1FF37BE4000BB7CD /* RxSwift常见用法.app */ = {isa = PBXFileReference; explicitFileType = wrapper.application; includeInIndex = 0; path = "RxSwift常见用法.app"; sourceTree = BUILT_PRODUCTS_DIR; };
		EBBB517D1FF37BE4000BB7CD /* AppDelegate.swift */ = {isa = PBXFileReference; lastKnownFileType = sourcecode.swift; path = AppDelegate.swift; sourceTree = "<group>"; };
		EBBB517F1FF37BE4000BB7CD /* ViewController.swift */ = {isa = PBXFileReference; lastKnownFileType = sourcecode.swift; path = ViewController.swift; sourceTree = "<group>"; };
		EBBB51821FF37BE4000BB7CD /* Base */ = {isa = PBXFileReference; lastKnownFileType = file.storyboard; name = Base; path = Base.lproj/Main.storyboard; sourceTree = "<group>"; };
		EBBB51841FF37BE4000BB7CD /* Assets.xcassets */ = {isa = PBXFileReference; lastKnownFileType = folder.assetcatalog; path = Assets.xcassets; sourceTree = "<group>"; };
		EBBB51871FF37BE4000BB7CD /* Base */ = {isa = PBXFileReference; lastKnownFileType = file.storyboard; name = Base; path = Base.lproj/LaunchScreen.storyboard; sourceTree = "<group>"; };
		EBBB51891FF37BE4000BB7CD /* Info.plist */ = {isa = PBXFileReference; lastKnownFileType = text.plist.xml; path = Info.plist; sourceTree = "<group>"; };
		EBBB51921FF381E2000BB7CD /* SuperViewController.swift */ = {isa = PBXFileReference; lastKnownFileType = sourcecode.swift; path = SuperViewController.swift; sourceTree = "<group>"; };
		EBBB51981FF382C8000BB7CD /* ViewController2.swift */ = {isa = PBXFileReference; lastKnownFileType = sourcecode.swift; path = ViewController2.swift; sourceTree = "<group>"; };
		EBBB519A1FF382E3000BB7CD /* ViewController1.swift */ = {isa = PBXFileReference; lastKnownFileType = sourcecode.swift; path = ViewController1.swift; sourceTree = "<group>"; };
		EBBB519C1FF38327000BB7CD /* ViewController3.swift */ = {isa = PBXFileReference; lastKnownFileType = sourcecode.swift; path = ViewController3.swift; sourceTree = "<group>"; };
		EBBB519E1FF38843000BB7CD /* ViewController1.xib */ = {isa = PBXFileReference; lastKnownFileType = file.xib; path = ViewController1.xib; sourceTree = "<group>"; };
		EBBB51A01FF388B2000BB7CD /* ViewController4.swift */ = {isa = PBXFileReference; lastKnownFileType = sourcecode.swift; path = ViewController4.swift; sourceTree = "<group>"; };
		EBBB51A11FF388B2000BB7CD /* ViewController4.xib */ = {isa = PBXFileReference; lastKnownFileType = file.xib; path = ViewController4.xib; sourceTree = "<group>"; };
/* End PBXFileReference section */

/* Begin PBXFrameworksBuildPhase section */
		EBBB51771FF37BE4000BB7CD /* Frameworks */ = {
			isa = PBXFrameworksBuildPhase;
			buildActionMask = 2147483647;
			files = (
				0126D13B8B591A9BA498C92D /* Pods_RxSwift____.framework in Frameworks */,
			);
			runOnlyForDeploymentPostprocessing = 0;
		};
/* End PBXFrameworksBuildPhase section */

/* Begin PBXGroup section */
		A333B8D6A5B7EABDFA0F8C74 /* Pods */ = {
			isa = PBXGroup;
			children = (
				5AA8BCF5521B95345EB87FC4 /* Pods-RxSwift常见用法.debug.xcconfig */,
				0EB3878BE9817292140069E7 /* Pods-RxSwift常见用法.release.xcconfig */,
			);
			name = Pods;
			sourceTree = "<group>";
		};
		E6D60296E59330686A6396EA /* Frameworks */ = {
			isa = PBXGroup;
			children = (
				120987FD38714A207C07FF20 /* Pods_RxSwift____.framework */,
			);
			name = Frameworks;
			sourceTree = "<group>";
		};
		EBBB51711FF37BE4000BB7CD = {
			isa = PBXGroup;
			children = (
				EBBB517C1FF37BE4000BB7CD /* RxSwift常见用法 */,
				EBBB517B1FF37BE4000BB7CD /* Products */,
				A333B8D6A5B7EABDFA0F8C74 /* Pods */,
				E6D60296E59330686A6396EA /* Frameworks */,
			);
			sourceTree = "<group>";
		};
		EBBB517B1FF37BE4000BB7CD /* Products */ = {
			isa = PBXGroup;
			children = (
				EBBB517A1FF37BE4000BB7CD /* RxSwift常见用法.app */,
			);
			name = Products;
			sourceTree = "<group>";
		};
		EBBB517C1FF37BE4000BB7CD /* RxSwift常见用法 */ = {
			isa = PBXGroup;
			children = (
				EBBB517D1FF37BE4000BB7CD /* AppDelegate.swift */,
				EBBB517F1FF37BE4000BB7CD /* ViewController.swift */,
				EBBB51921FF381E2000BB7CD /* SuperViewController.swift */,
				EBBB518F1FF380FE000BB7CD /* VC */,
				EBBB51811FF37BE4000BB7CD /* Main.storyboard */,
				EBBB51841FF37BE4000BB7CD /* Assets.xcassets */,
				EBBB51861FF37BE4000BB7CD /* LaunchScreen.storyboard */,
				EBBB51891FF37BE4000BB7CD /* Info.plist */,
			);
			path = "RxSwift常见用法";
			sourceTree = "<group>";
		};
		EBBB518F1FF380FE000BB7CD /* VC */ = {
			isa = PBXGroup;
			children = (
				EBBB519A1FF382E3000BB7CD /* ViewController1.swift */,
				EBBB519E1FF38843000BB7CD /* ViewController1.xib */,
				EBBB51981FF382C8000BB7CD /* ViewController2.swift */,
				EBBB519C1FF38327000BB7CD /* ViewController3.swift */,
				EBBB51A01FF388B2000BB7CD /* ViewController4.swift */,
				EBBB51A11FF388B2000BB7CD /* ViewController4.xib */,
			);
			path = VC;
			sourceTree = "<group>";
		};
/* End PBXGroup section */

/* Begin PBXNativeTarget section */
		EBBB51791FF37BE4000BB7CD /* RxSwift常见用法 */ = {
			isa = PBXNativeTarget;
			buildConfigurationList = EBBB518C1FF37BE4000BB7CD /* Build configuration list for PBXNativeTarget "RxSwift常见用法" */;
			buildPhases = (
				5A83C7C7C4A00DD081312387 /* [CP] Check Pods Manifest.lock */,
				EBBB51761FF37BE4000BB7CD /* Sources */,
				EBBB51771FF37BE4000BB7CD /* Frameworks */,
				EBBB51781FF37BE4000BB7CD /* Resources */,
				EB0E67201B776A5C03BCE3F9 /* [CP] Embed Pods Frameworks */,
				7EE9893046322EBD3F159109 /* [CP] Copy Pods Resources */,
			);
			buildRules = (
			);
			dependencies = (
			);
			name = "RxSwift常见用法";
			productName = "RxSwift常见用法";
			productReference = EBBB517A1FF37BE4000BB7CD /* RxSwift常见用法.app */;
			productType = "com.apple.product-type.application";
		};
/* End PBXNativeTarget section */

/* Begin PBXProject section */
		EBBB51721FF37BE4000BB7CD /* Project object */ = {
			isa = PBXProject;
			attributes = {
				LastSwiftUpdateCheck = 0910;
				LastUpgradeCheck = 0910;
				ORGANIZATIONNAME = soliloquy;
				TargetAttributes = {
					EBBB51791FF37BE4000BB7CD = {
						CreatedOnToolsVersion = 9.1;
						ProvisioningStyle = Automatic;
					};
				};
			};
			buildConfigurationList = EBBB51751FF37BE4000BB7CD /* Build configuration list for PBXProject "RxSwift常见用法" */;
			compatibilityVersion = "Xcode 8.0";
			developmentRegion = en;
			hasScannedForEncodings = 0;
			knownRegions = (
				en,
				Base,
			);
			mainGroup = EBBB51711FF37BE4000BB7CD;
			productRefGroup = EBBB517B1FF37BE4000BB7CD /* Products */;
			projectDirPath = "";
			projectRoot = "";
			targets = (
				EBBB51791FF37BE4000BB7CD /* RxSwift常见用法 */,
			);
		};
/* End PBXProject section */

/* Begin PBXResourcesBuildPhase section */
		EBBB51781FF37BE4000BB7CD /* Resources */ = {
			isa = PBXResourcesBuildPhase;
			buildActionMask = 2147483647;
			files = (
				EBBB519F1FF38843000BB7CD /* ViewController1.xib in Resources */,
				EBBB51881FF37BE4000BB7CD /* LaunchScreen.storyboard in Resources */,
				EBBB51851FF37BE4000BB7CD /* Assets.xcassets in Resources */,
				EBBB51A31FF388B2000BB7CD /* ViewController4.xib in Resources */,
				EBBB51831FF37BE4000BB7CD /* Main.storyboard in Resources */,
			);
			runOnlyForDeploymentPostprocessing = 0;
		};
/* End PBXResourcesBuildPhase section */

/* Begin PBXShellScriptBuildPhase section */
		5A83C7C7C4A00DD081312387 /* [CP] Check Pods Manifest.lock */ = {
			isa = PBXShellScriptBuildPhase;
			buildActionMask = 2147483647;
			files = (
			);
			inputPaths = (
				"${PODS_PODFILE_DIR_PATH}/Podfile.lock",
				"${PODS_ROOT}/Manifest.lock",
			);
			name = "[CP] Check Pods Manifest.lock";
			outputPaths = (
				"$(DERIVED_FILE_DIR)/Pods-RxSwift常见用法-checkManifestLockResult.txt",
			);
			runOnlyForDeploymentPostprocessing = 0;
			shellPath = /bin/sh;
			shellScript = "diff \"${PODS_PODFILE_DIR_PATH}/Podfile.lock\" \"${PODS_ROOT}/Manifest.lock\" > /dev/null\nif [ $? != 0 ] ; then\n    # print error to STDERR\n    echo \"error: The sandbox is not in sync with the Podfile.lock. Run 'pod install' or update your CocoaPods installation.\" >&2\n    exit 1\nfi\n# This output is used by Xcode 'outputs' to avoid re-running this script phase.\necho \"SUCCESS\" > \"${SCRIPT_OUTPUT_FILE_0}\"\n";
			showEnvVarsInLog = 0;
		};
		7EE9893046322EBD3F159109 /* [CP] Copy Pods Resources */ = {
			isa = PBXShellScriptBuildPhase;
			buildActionMask = 2147483647;
			files = (
			);
			inputPaths = (
			);
			name = "[CP] Copy Pods Resources";
			outputPaths = (
			);
			runOnlyForDeploymentPostprocessing = 0;
			shellPath = /bin/sh;
			shellScript = "\"${SRCROOT}/Pods/Target Support Files/Pods-RxSwift常见用法/Pods-RxSwift常见用法-resources.sh\"\n";
			showEnvVarsInLog = 0;
		};
		EB0E67201B776A5C03BCE3F9 /* [CP] Embed Pods Frameworks */ = {
			isa = PBXShellScriptBuildPhase;
			buildActionMask = 2147483647;
			files = (
			);
			inputPaths = (
				"${SRCROOT}/Pods/Target Support Files/Pods-RxSwift常见用法/Pods-RxSwift常见用法-frameworks.sh",
				"${BUILT_PRODUCTS_DIR}/RxCocoa/RxCocoa.framework",
				"${BUILT_PRODUCTS_DIR}/RxSwift/RxSwift.framework",
			);
			name = "[CP] Embed Pods Frameworks";
			outputPaths = (
				"${TARGET_BUILD_DIR}/${FRAMEWORKS_FOLDER_PATH}/RxCocoa.framework",
				"${TARGET_BUILD_DIR}/${FRAMEWORKS_FOLDER_PATH}/RxSwift.framework",
			);
			runOnlyForDeploymentPostprocessing = 0;
			shellPath = /bin/sh;
			shellScript = "\"${SRCROOT}/Pods/Target Support Files/Pods-RxSwift常见用法/Pods-RxSwift常见用法-frameworks.sh\"\n";
			showEnvVarsInLog = 0;
		};
/* End PBXShellScriptBuildPhase section */

/* Begin PBXSourcesBuildPhase section */
		EBBB51761FF37BE4000BB7CD /* Sources */ = {
			isa = PBXSourcesBuildPhase;
			buildActionMask = 2147483647;
			files = (
				EBBB51991FF382C8000BB7CD /* ViewController2.swift in Sources */,
				EBBB51A21FF388B2000BB7CD /* ViewController4.swift in Sources */,
				EBBB519B1FF382E3000BB7CD /* ViewController1.swift in Sources */,
				EBBB519D1FF38327000BB7CD /* ViewController3.swift in Sources */,
				EBBB51801FF37BE4000BB7CD /* ViewController.swift in Sources */,
				EBBB517E1FF37BE4000BB7CD /* AppDelegate.swift in Sources */,
				EBBB51931FF381E2000BB7CD /* SuperViewController.swift in Sources */,
			);
			runOnlyForDeploymentPostprocessing = 0;
		};
/* End PBXSourcesBuildPhase section */

/* Begin PBXVariantGroup section */
		EBBB51811FF37BE4000BB7CD /* Main.storyboard */ = {
			isa = PBXVariantGroup;
			children = (
				EBBB51821FF37BE4000BB7CD /* Base */,
			);
			name = Main.storyboard;
			sourceTree = "<group>";
		};
		EBBB51861FF37BE4000BB7CD /* LaunchScreen.storyboard */ = {
			isa = PBXVariantGroup;
			children = (
				EBBB51871FF37BE4000BB7CD /* Base */,
			);
			name = LaunchScreen.storyboard;
			sourceTree = "<group>";
		};
/* End PBXVariantGroup section */

/* Begin XCBuildConfiguration section */
		EBBB518A1FF37BE4000BB7CD /* Debug */ = {
			isa = XCBuildConfiguration;
			buildSettings = {
				ALWAYS_SEARCH_USER_PATHS = NO;
				CLANG_ANALYZER_NONNULL = YES;
				CLANG_ANALYZER_NUMBER_OBJECT_CONVERSION = YES_AGGRESSIVE;
				CLANG_CXX_LANGUAGE_STANDARD = "gnu++14";
				CLANG_CXX_LIBRARY = "libc++";
				CLANG_ENABLE_MODULES = YES;
				CLANG_ENABLE_OBJC_ARC = YES;
				CLANG_WARN_BLOCK_CAPTURE_AUTORELEASING = YES;
				CLANG_WARN_BOOL_CONVERSION = YES;
				CLANG_WARN_COMMA = YES;
				CLANG_WARN_CONSTANT_CONVERSION = YES;
				CLANG_WARN_DIRECT_OBJC_ISA_USAGE = YES_ERROR;
				CLANG_WARN_DOCUMENTATION_COMMENTS = YES;
				CLANG_WARN_EMPTY_BODY = YES;
				CLANG_WARN_ENUM_CONVERSION = YES;
				CLANG_WARN_INFINITE_RECURSION = YES;
				CLANG_WARN_INT_CONVERSION = YES;
				CLANG_WARN_NON_LITERAL_NULL_CONVERSION = YES;
				CLANG_WARN_OBJC_LITERAL_CONVERSION = YES;
				CLANG_WARN_OBJC_ROOT_CLASS = YES_ERROR;
				CLANG_WARN_RANGE_LOOP_ANALYSIS = YES;
				CLANG_WARN_STRICT_PROTOTYPES = YES;
				CLANG_WARN_SUSPICIOUS_MOVE = YES;
				CLANG_WARN_UNGUARDED_AVAILABILITY = YES_AGGRESSIVE;
				CLANG_WARN_UNREACHABLE_CODE = YES;
				CLANG_WARN__DUPLICATE_METHOD_MATCH = YES;
				CODE_SIGN_IDENTITY = "iPhone Developer";
				COPY_PHASE_STRIP = NO;
				DEBUG_INFORMATION_FORMAT = dwarf;
				ENABLE_STRICT_OBJC_MSGSEND = YES;
				ENABLE_TESTABILITY = YES;
				GCC_C_LANGUAGE_STANDARD = gnu11;
				GCC_DYNAMIC_NO_PIC = NO;
				GCC_NO_COMMON_BLOCKS = YES;
				GCC_OPTIMIZATION_LEVEL = 0;
				GCC_PREPROCESSOR_DEFINITIONS = (
					"DEBUG=1",
					"$(inherited)",
				);
				GCC_WARN_64_TO_32_BIT_CONVERSION = YES;
				GCC_WARN_ABOUT_RETURN_TYPE = YES_ERROR;
				GCC_WARN_UNDECLARED_SELECTOR = YES;
				GCC_WARN_UNINITIALIZED_AUTOS = YES_AGGRESSIVE;
				GCC_WARN_UNUSED_FUNCTION = YES;
				GCC_WARN_UNUSED_VARIABLE = YES;
				IPHONEOS_DEPLOYMENT_TARGET = 11.1;
				MTL_ENABLE_DEBUG_INFO = YES;
				ONLY_ACTIVE_ARCH = YES;
				SDKROOT = iphoneos;
				SWIFT_ACTIVE_COMPILATION_CONDITIONS = DEBUG;
				SWIFT_OPTIMIZATION_LEVEL = "-Onone";
			};
			name = Debug;
		};
		EBBB518B1FF37BE4000BB7CD /* Release */ = {
			isa = XCBuildConfiguration;
			buildSettings = {
				ALWAYS_SEARCH_USER_PATHS = NO;
				CLANG_ANALYZER_NONNULL = YES;
				CLANG_ANALYZER_NUMBER_OBJECT_CONVERSION = YES_AGGRESSIVE;
				CLANG_CXX_LANGUAGE_STANDARD = "gnu++14";
				CLANG_CXX_LIBRARY = "libc++";
				CLANG_ENABLE_MODULES = YES;
				CLANG_ENABLE_OBJC_ARC = YES;
				CLANG_WARN_BLOCK_CAPTURE_AUTORELEASING = YES;
				CLANG_WARN_BOOL_CONVERSION = YES;
				CLANG_WARN_COMMA = YES;
				CLANG_WARN_CONSTANT_CONVERSION = YES;
				CLANG_WARN_DIRECT_OBJC_ISA_USAGE = YES_ERROR;
				CLANG_WARN_DOCUMENTATION_COMMENTS = YES;
				CLANG_WARN_EMPTY_BODY = YES;
				CLANG_WARN_ENUM_CONVERSION = YES;
				CLANG_WARN_INFINITE_RECURSION = YES;
				CLANG_WARN_INT_CONVERSION = YES;
				CLANG_WARN_NON_LITERAL_NULL_CONVERSION = YES;
				CLANG_WARN_OBJC_LITERAL_CONVERSION = YES;
				CLANG_WARN_OBJC_ROOT_CLASS = YES_ERROR;
				CLANG_WARN_RANGE_LOOP_ANALYSIS = YES;
				CLANG_WARN_STRICT_PROTOTYPES = YES;
				CLANG_WARN_SUSPICIOUS_MOVE = YES;
				CLANG_WARN_UNGUARDED_AVAILABILITY = YES_AGGRESSIVE;
				CLANG_WARN_UNREACHABLE_CODE = YES;
				CLANG_WARN__DUPLICATE_METHOD_MATCH = YES;
				CODE_SIGN_IDENTITY = "iPhone Developer";
				COPY_PHASE_STRIP = NO;
				DEBUG_INFORMATION_FORMAT = "dwarf-with-dsym";
				ENABLE_NS_ASSERTIONS = NO;
				ENABLE_STRICT_OBJC_MSGSEND = YES;
				GCC_C_LANGUAGE_STANDARD = gnu11;
				GCC_NO_COMMON_BLOCKS = YES;
				GCC_WARN_64_TO_32_BIT_CONVERSION = YES;
				GCC_WARN_ABOUT_RETURN_TYPE = YES_ERROR;
				GCC_WARN_UNDECLARED_SELECTOR = YES;
				GCC_WARN_UNINITIALIZED_AUTOS = YES_AGGRESSIVE;
				GCC_WARN_UNUSED_FUNCTION = YES;
				GCC_WARN_UNUSED_VARIABLE = YES;
				IPHONEOS_DEPLOYMENT_TARGET = 11.1;
				MTL_ENABLE_DEBUG_INFO = NO;
				SDKROOT = iphoneos;
				SWIFT_OPTIMIZATION_LEVEL = "-Owholemodule";
				VALIDATE_PRODUCT = YES;
			};
			name = Release;
		};
		EBBB518D1FF37BE4000BB7CD /* Debug */ = {
			isa = XCBuildConfiguration;
			baseConfigurationReference = 5AA8BCF5521B95345EB87FC4 /* Pods-RxSwift常见用法.debug.xcconfig */;
			buildSettings = {
				ASSETCATALOG_COMPILER_APPICON_NAME = AppIcon;
				CODE_SIGN_STYLE = Automatic;
				DEVELOPMENT_TEAM = XYBK7B7U6R;
				INFOPLIST_FILE = "RxSwift常见用法/Info.plist";
				LD_RUNPATH_SEARCH_PATHS = "$(inherited) @executable_path/Frameworks";
				PRODUCT_BUNDLE_IDENTIFIER = "soliloquy.RxSwift----";
				PRODUCT_NAME = "$(TARGET_NAME)";
				SWIFT_VERSION = 4.0;
				TARGETED_DEVICE_FAMILY = "1,2";
			};
			name = Debug;
		};
		EBBB518E1FF37BE4000BB7CD /* Release */ = {
			isa = XCBuildConfiguration;
			baseConfigurationReference = 0EB3878BE9817292140069E7 /* Pods-RxSwift常见用法.release.xcconfig */;
			buildSettings = {
				ASSETCATALOG_COMPILER_APPICON_NAME = AppIcon;
				CODE_SIGN_STYLE = Automatic;
				DEVELOPMENT_TEAM = XYBK7B7U6R;
				INFOPLIST_FILE = "RxSwift常见用法/Info.plist";
				LD_RUNPATH_SEARCH_PATHS = "$(inherited) @executable_path/Frameworks";
				PRODUCT_BUNDLE_IDENTIFIER = "soliloquy.RxSwift----";
				PRODUCT_NAME = "$(TARGET_NAME)";
				SWIFT_VERSION = 4.0;
				TARGETED_DEVICE_FAMILY = "1,2";
			};
			name = Release;
		};
/* End XCBuildConfiguration section */

/* Begin XCConfigurationList section */
		EBBB51751FF37BE4000BB7CD /* Build configuration list for PBXProject "RxSwift常见用法" */ = {
			isa = XCConfigurationList;
			buildConfigurations = (
				EBBB518A1FF37BE4000BB7CD /* Debug */,
				EBBB518B1FF37BE4000BB7CD /* Release */,
			);
			defaultConfigurationIsVisible = 0;
			defaultConfigurationName = Release;
		};
		EBBB518C1FF37BE4000BB7CD /* Build configuration list for PBXNativeTarget "RxSwift常见用法" */ = {
			isa = XCConfigurationList;
			buildConfigurations = (
				EBBB518D1FF37BE4000BB7CD /* Debug */,
				EBBB518E1FF37BE4000BB7CD /* Release */,
			);
			defaultConfigurationIsVisible = 0;
			defaultConfigurationName = Release;
		};
/* End XCConfigurationList section */
	};
	rootObject = EBBB51721FF37BE4000BB7CD /* Project object */;
}
